
Microsoft Visual Studio Solution File, Format Version 12.00
Project("{FAE04EC0-301F-11D3-BF4B-00C04F79EFBC}") = "HHRR.Core", "HHRR.Core\HHRR.Core.csproj", "{B80664DB-068F-42B4-B7FB-799F94ADDB5D}"
EndProject
Project("{FAE04EC0-301F-11D3-BF4B-00C04F79EFBC}") = "HHRR.Infrastructure", "HHRR.Infrastructure\HHRR.Infrastructure.csproj", "{6482EE8C-4F21-44C4-8068-7CF4ABAFA211}"
EndProject
Project("{FAE04EC0-301F-11D3-BF4B-00C04F79EFBC}") = "HHRR.Web", "HHRR.Web\HHRR.Web.csproj", "{7A9A0C52-50CF-4623-A34D-0F4209AAA372}"
EndProject
Project("{FAE04EC0-301F-11D3-BF4B-00C04F79EFBC}") = "HHRR.API", "HHRR.API\HHRR.API.csproj", "{DFEB7CFE-6AB4-40EC-98BF-308019E4E7A3}"
EndProject
Project("{FAE04EC0-301F-11D3-BF4B-00C04F79EFBC}") = "HHRR.Application", "HHRR.Application\HHRR.Application.csproj", "{8F62C786-DD74-447C-AE68-06177D729521}"
EndProject
Project("{2150E333-8FDC-42A3-9474-1A3956D46DE8}") = "Tests", "Tests", "{50A20ADA-AD3B-4C19-990E-17C8DE3F0EC0}"
EndProject
Project("{FAE04EC0-301F-11D3-BF4B-00C04F79EFBC}") = "HHRR.UnitTests", "Tests\HHRR.UnitTests\HHRR.UnitTests.csproj", "{EF0293D5-0BAF-4543-89AF-6052A5A5585C}"
EndProject
Project("{FAE04EC0-301F-11D3-BF4B-00C04F79EFBC}") = "HRR.IntegrationTests", "Tests\HRR.IntegrationTests\HRR.IntegrationTests.csproj", "{14142940-A9D7-49C2-8F08-F6491CE428A6}"
EndProject
Global
	GlobalSection(SolutionConfigurationPlatforms) = preSolution
		Debug|Any CPU = Debug|Any CPU
		Release|Any CPU = Release|Any CPU
	EndGlobalSection
	GlobalSection(ProjectConfigurationPlatforms) = postSolution
		{B80664DB-068F-42B4-B7FB-799F94ADDB5D}.Debug|Any CPU.ActiveCfg = Debug|Any CPU
		{B80664DB-068F-42B4-B7FB-799F94ADDB5D}.Debug|Any CPU.Build.0 = Debug|Any CPU
		{B80664DB-068F-42B4-B7FB-799F94ADDB5D}.Release|Any CPU.ActiveCfg = Release|Any CPU
		{B80664DB-068F-42B4-B7FB-799F94ADDB5D}.Release|Any CPU.Build.0 = Release|Any CPU
		{6482EE8C-4F21-44C4-8068-7CF4ABAFA211}.Debug|Any CPU.ActiveCfg = Debug|Any CPU
		{6482EE8C-4F21-44C4-8068-7CF4ABAFA211}.Debug|Any CPU.Build.0 = Debug|Any CPU
		{6482EE8C-4F21-44C4-8068-7CF4ABAFA211}.Release|Any CPU.ActiveCfg = Release|Any CPU
		{6482EE8C-4F21-44C4-8068-7CF4ABAFA211}.Release|Any CPU.Build.0 = Release|Any CPU
		{7A9A0C52-50CF-4623-A34D-0F4209AAA372}.Debug|Any CPU.ActiveCfg = Debug|Any CPU
		{7A9A0C52-50CF-4623-A34D-0F4209AAA372}.Debug|Any CPU.Build.0 = Debug|Any CPU
		{7A9A0C52-50CF-4623-A34D-0F4209AAA372}.Release|Any CPU.ActiveCfg = Release|Any CPU
		{7A9A0C52-50CF-4623-A34D-0F4209AAA372}.Release|Any CPU.Build.0 = Release|Any CPU
		{DFEB7CFE-6AB4-40EC-98BF-308019E4E7A3}.Debug|Any CPU.ActiveCfg = Debug|Any CPU
		{DFEB7CFE-6AB4-40EC-98BF-308019E4E7A3}.Debug|Any CPU.Build.0 = Debug|Any CPU
		{DFEB7CFE-6AB4-40EC-98BF-308019E4E7A3}.Release|Any CPU.ActiveCfg = Release|Any CPU
		{DFEB7CFE-6AB4-40EC-98BF-308019E4E7A3}.Release|Any CPU.Build.0 = Release|Any CPU
		{8F62C786-DD74-447C-AE68-06177D729521}.Debug|Any CPU.ActiveCfg = Debug|Any CPU
		{8F62C786-DD74-447C-AE68-06177D729521}.Debug|Any CPU.Build.0 = Debug|Any CPU
		{8F62C786-DD74-447C-AE68-06177D729521}.Release|Any CPU.ActiveCfg = Release|Any CPU
		{8F62C786-DD74-447C-AE68-06177D729521}.Release|Any CPU.Build.0 = Release|Any CPU
		{EF0293D5-0BAF-4543-89AF-6052A5A5585C}.Debug|Any CPU.ActiveCfg = Debug|Any CPU
		{EF0293D5-0BAF-4543-89AF-6052A5A5585C}.Debug|Any CPU.Build.0 = Debug|Any CPU
		{EF0293D5-0BAF-4543-89AF-6052A5A5585C}.Release|Any CPU.ActiveCfg = Release|Any CPU
		{EF0293D5-0BAF-4543-89AF-6052A5A5585C}.Release|Any CPU.Build.0 = Release|Any CPU
		{14142940-A9D7-49C2-8F08-F6491CE428A6}.Debug|Any CPU.ActiveCfg = Debug|Any CPU
		{14142940-A9D7-49C2-8F08-F6491CE428A6}.Debug|Any CPU.Build.0 = Debug|Any CPU
		{14142940-A9D7-49C2-8F08-F6491CE428A6}.Release|Any CPU.ActiveCfg = Release|Any CPU
		{14142940-A9D7-49C2-8F08-F6491CE428A6}.Release|Any CPU.Build.0 = Release|Any CPU
	EndGlobalSection
	GlobalSection(NestedProjects) = preSolution
		{EF0293D5-0BAF-4543-89AF-6052A5A5585C} = {50A20ADA-AD3B-4C19-990E-17C8DE3F0EC0}
		{14142940-A9D7-49C2-8F08-F6491CE428A6} = {50A20ADA-AD3B-4C19-990E-17C8DE3F0EC0}
	EndGlobalSection
EndGlobal
